
Microsoft Visual Studio Solution File, Format Version 12.00
# Visual Studio Version 17
VisualStudioVersion = 17.7.34221.43
MinimumVisualStudioVersion = 10.0.40219.1
Project("{FAE04EC0-301F-11D3-BF4B-00C04F79EFBC}") = "BlobStorage", "BlobStorage.csproj", "{DC46D257-9CC0-4EFE-A1E0-8ECC9C4CDA1E}"
EndProject
Global
	GlobalSection(SolutionConfigurationPlatforms) = preSolution
		Debug|Any CPU = Debug|Any CPU
		Release|Any CPU = Release|Any CPU
	EndGlobalSection
	GlobalSection(ProjectConfigurationPlatforms) = postSolution
		{DC46D257-9CC0-4EFE-A1E0-8ECC9C4CDA1E}.Debug|Any CPU.ActiveCfg = Debug|Any CPU
		{DC46D257-9CC0-4EFE-A1E0-8ECC9C4CDA1E}.Debug|Any CPU.Build.0 = Debug|Any CPU
		{DC46D257-9CC0-4EFE-A1E0-8ECC9C4CDA1E}.Release|Any CPU.ActiveCfg = Release|Any CPU
		{DC46D257-9CC0-4EFE-A1E0-8ECC9C4CDA1E}.Release|Any CPU.Build.0 = Release|Any CPU
	EndGlobalSection
	GlobalSection(SolutionProperties) = preSolution
		HideSolutionNode = FALSE
	EndGlobalSection
	GlobalSection(ExtensibilityGlobals) = postSolution
		SolutionGuid = {75A86595-8808-4F33-8721-B2C335F7E33E}
	EndGlobalSection
EndGlobal
